github.com/GoogleChrome/workbox v7.0.0+incompatible h1:/bqYzSkS1O9leTJ8kT0v9d61ANMJKt+GemdhmcaSB9c=
github.com/GoogleChrome/workbox v7.0.0+incompatible/go.mod h1:dyEoGLpJeO43pUVJb+nNNr1WRgoF81hNEl4UGLV+yow=
github.com/gohugoio/hugo-mod-bootstrap-scss/v5 v5.20300.20003 h1:pt/JGVD5YYRsVVijOHPZI6YKTUvbR4e0hgV9B0S6rbI=
github.com/gohugoio/hugo-mod-bootstrap-scss/v5 v5.20300.20003/go.mod h1:mvM05r93HiefwoaxQTaYiJxtJAhTebwQtU1Xh/J+Okk=
github.com/gohugoio/hugo-mod-bootstrap-scss/v5 v5.20300.20200/go.mod h1:kx8MBj9T7SFR8ZClWvKZPmmUxBaltkoXvnWlZZcSnYA=
github.com/gohugoio/hugo-mod-jslibs-dist/popperjs/v2 v2.21100.20000/go.mod h1:mFberT6ZtcchrsDtfvJM7aAH2bDKLdOnruUHl0hlapI=
github.com/hbstack/announcement-bar v0.1.0 h1:e0vUCDCiQW3n/FkpuyhYDDgQmYbWzZXU1s7DS47CVJ0=
github.com/hbstack/announcement-bar v0.1.0/go.mod h1:oEwrGYRoALt1o3LeYKGbkrmKSrS0XrgrHMNdQRWtAYs=
github.com/hbstack/announcement-bar v0.2.0/go.mod h1:N6X/upCCPiVdrbm/dF0+npmLPidRRrRTz9sLq8L8Di0=
github.com/hbstack/announcement-bar v0.2.1/go.mod h1:C6cPozrXTz/hh/EtgzN4MdL9QjF4BSGSCFn/x8Wv36w=
github.com/hbstack/announcement-bar v0.2.3/go.mod h1:C6cPozrXTz/hh/EtgzN4MdL9QjF4BSGSCFn/x8Wv36w=
github.com/hbstack/announcement-bar v0.2.4/go.mod h1:C6cPozrXTz/hh/EtgzN4MdL9QjF4BSGSCFn/x8Wv36w=
github.com/hbstack/announcement-bar v0.2.5/go.mod h1:C6cPozrXTz/hh/EtgzN4MdL9QjF4BSGSCFn/x8Wv36w=
github.com/hbstack/announcement-bar v0.3.0/go.mod h1:C6cPozrXTz/hh/EtgzN4MdL9QjF4BSGSCFn/x8Wv36w=
github.com/hbstack/announcement-bar v0.4.0 h1:z8JEuod13Jhv4fhCsnomZq7icIBwvT4zHRltsePTu6g=
github.com/hbstack/announcement-bar v0.4.0/go.mod h1:Tc3usPdUgRyVmgiqKGRyo6UHJcK1UAqRw0WfNTVoIGc=
github.com/hbstack/announcement-bar v0.4.1/go.mod h1:TTSTE34jtsCJ3GDECylEyS5ljexJY8eIwhDhKmDFCkg=
github.com/hbstack/base v0.2.0 h1:BtLH7i8uxUM5TMr1kaaVeJ/Yu/5FeZJ1MquxPFXgpNU=
github.com/hbstack/base v0.2.0/go.mod h1:f0mafnZoiQ3YYvRb82o605NEQVbQ3wzRYzhW4PZjrJ4=
github.com/hbstack/base v0.2.1 h1:u3lkO9MhjA6HomkJ6hzt0R7sA0u330bo6lbxVrF1FiI=
github.com/hbstack/base v0.2.1/go.mod h1:6SqazoH3UBSuwSHV1kyEDWcIJg+Cef++w8p45VSsSHQ=
github.com/hbstack/blog/modules/content-panel v0.1.5 h1:R84KEfLbqSA8toJjmd1D4Il6KgdgVg3gqSfxZov4bec=
github.com/hbstack/blog/modules/content-panel v0.1.5/go.mod h1:+dk5OBK+Rgno55v6W8QumtfCt5kWua08d8f9N9Sne7k=
github.com/hbstack/blog/modules/content-panel v0.1.8/go.mod h1:USYeK1r0AuC+qeLdO9dJKF4J30VUn8FezAJRp2oWI00=
github.com/hbstack/blog/modules/content-panel v0.1.9/go.mod h1:a+4eKXG0Z0zE78GoKacTalo+J6POXCzrrPk7TT1ukPU=
github.com/hbstack/blog/modules/content-panel v0.1.10/go.mod h1:uknMpSxqTEAHEiZR+xIYtRnJVxV7q6HW+qxN9XJyCLk=
github.com/hbstack/blog/modules/content-panel v0.1.11 h1:+sFJ52lGc7biZpxpEIB8gaHyyionm9EBzgnDFGLK1EI=
github.com/hbstack/blog/modules/content-panel v0.1.11/go.mod h1:iXM7I30AEl80RDGJKtCuroEx/6DSgIchyuqkClbC5yU=
github.com/hbstack/blog/modules/content-panel v0.1.12/go.mod h1:q+0yFyYokRpqTEPPt+4dNIagqezE/xf+IQknci7Kt9Q=
github.com/hbstack/blog/modules/giscus v0.1.7 h1:nI2OXzDJ8BgiRPSiWKuzzV3WOjnNiNekmZ9JT6tsfOE=
github.com/hbstack/blog/modules/giscus v0.1.7/go.mod h1:8aHD94hqxx06T3B7M5nhUzgpcHOqcZGtbhqmDpIhxWE=
github.com/hbstack/blog/modules/giscus v0.1.10/go.mod h1:1x/XzqIQE2NhNmR3ZUFcJBIusqwjR3RMau8C6VJo1+E=
github.com/hbstack/blog/modules/giscus v0.1.11/go.mod h1:P9Ujw7WlGkYudDfARbsF/1Mapnzz4pj/ZdlES2gxqoQ=
github.com/hbstack/blog/modules/giscus v0.1.12/go.mod h1:MalfmjWUPlf/jPVZfIMuaDK8nuG3Fmfy7Oq0uk4Rl3E=
github.com/hbstack/blog/modules/giscus v0.1.13 h1:qla4aHPAXxiva364aOJv3RLEoacK15APO4HR2YNKpCM=
github.com/hbstack/blog/modules/giscus v0.1.13/go.mod h1:U9w/9nu7/Kx9GQxpsyFRqTAoMr1nipKRl/mqbDrxZ5Q=
github.com/hbstack/blog/modules/giscus v0.1.14/go.mod h1:TfM3NJHKDdwjp9nSW5TUc9fOqRYdiDzcO15GG/EhZTA=
github.com/hbstack/blog/modules/sidebar/posts v0.1.2 h1:YrVff0HRJONM6+zqXu1YzUBZtTUqDFIQ9Kok/Ouy8x0=
github.com/hbstack/blog/modules/sidebar/posts v0.1.2/go.mod h1:ItuSamqBYiJ2CZoboQKXUhNdEFYWu8oVdcue4IWwCEQ=
github.com/hbstack/blog/modules/sidebar/posts v0.3.0/go.mod h1:IhQnUSy+AE6useDkXQzbnk0Xglxt3IpD+LdhNCooP8k=
github.com/hbstack/blog/modules/sidebar/posts v0.3.1/go.mod h1:kOi58vcF5V3rVorW2MbU6FR5ryNZCcpNYlnJxahyeis=
github.com/hbstack/blog/modules/sidebar/posts v0.3.2/go.mod h1:Q3sUa5WY3aB3OhQ/GCamMp4USQZhVMQFq0h3KGZUiK8=
github.com/hbstack/blog/modules/sidebar/posts v0.3.3 h1:J3ZOf5kRpClLE1/ZtLehnUj+SAKqxfSYqndZJu9mxV8=
github.com/hbstack/blog/modules/sidebar/posts v0.3.3/go.mod h1:spxfUfUoMabxTEm2zYhRQRIYpsjdL26WhZWw6JlDXqA=
github.com/hbstack/blog/modules/sidebar/posts v0.3.4/go.mod h1:kx4WOQKpVXY9TVOytMHyunW5dNcCu563Rmw23GX/P2w=
github.com/hbstack/blog/modules/sidebar/taxonomies v0.1.2 h1:cbKdf89jSSPZW+A7gTqioKCuTXBLvzUyqmfNgR9dick=
github.com/hbstack/blog/modules/sidebar/taxonomies v0.1.2/go.mod h1:Z15Cy+n/tLd8haSp2yZLIRZQXUpF6lveHOL4wTYQsKQ=
github.com/hbstack/blog/modules/sidebar/taxonomies v0.3.0/go.mod h1:rp7uDyLO55qqKoMN5LHoVQWlp34QI+IxqHH86J8rO6A=
github.com/hbstack/blog/modules/sidebar/taxonomies v0.3.1/go.mod h1:EW5SOveqE7UXEWrFH/Hydyq88cVckTDcTmXeagVhFZs=
github.com/hbstack/blog/modules/sidebar/taxonomies v0.3.2/go.mod h1:fierdrX/PktzmrY0Juiy9KK575AqYSDQ6NaMntrw9tI=
github.com/hbstack/blog/modules/sidebar/taxonomies v0.3.3 h1:u7zc9uX2IxitFu2tvTAk6M96h2TWY2AWGQyjel+sJUo=
github.com/hbstack/blog/modules/sidebar/taxonomies v0.3.3/go.mod h1:1OQiSka6qKi3T4b3LYuU2RBWfRLvWYYdFIOXfaKNfb8=
github.com/hbstack/blog/modules/sidebar/taxonomies v0.3.4/go.mod h1:9Gy0AGtLqa1TWwkAtQCio9HiRJNzpCYZBWLiKw99KWM=
github.com/hbstack/blog/modules/toc-scrollspy v0.1.4 h1:6AlgP9ISMjmEso3x9wYIJyKb30B9FUbHvgnQqoIx8CM=
github.com/hbstack/blog/modules/toc-scrollspy v0.1.4/go.mod h1:Y+BUtOu1YqD521r+rjv1iaXOxOIddXPUurw6xVwVFPM=
github.com/hbstack/blog/modules/toc-scrollspy v0.1.7/go.mod h1:hlL6ZNm0EOesvLabkPR1tE4V3lo13sTU46Cy8u4ZRoU=
github.com/hbstack/blog/modules/toc-scrollspy v0.1.8/go.mod h1:1osk0kIV3Qc0bDDTS5xbF9LgOEq7OFqr/Vpeolx0PNM=
github.com/hbstack/blog/modules/toc-scrollspy v0.1.9/go.mod h1:iGrKAJhs8sKxWnII/x0WoEbrdMlgyDuWRMMjQNHoV5g=
github.com/hbstack/blog/modules/toc-scrollspy v0.1.10 h1:GPys34Oxs+aIT/TL4Hr2ekxGLpD6BM9VtndFuJ3qiNU=
github.com/hbstack/blog/modules/toc-scrollspy v0.1.10/go.mod h1:HgloOEOKMyXUmiBeHuncgdn/5rISues5YRl9tk5mQXE=
github.com/hbstack/blog/modules/toc-scrollspy v0.1.11/go.mod h1:s+MyTyN/m7wCPU2Fg+YkdmGBCFxZmcRoRzvbHFInq1Q=
github.com/hbstack/breadcrumb v0.2.0 h1:MFdVkfSMHkGaLGwp8lwcYYQuorpWzB6S/WOmblSlW9o=
github.com/hbstack/breadcrumb v0.2.0/go.mod h1:/HsyKPMkXaairW/Ws6tGlc1Zf1DEmjp/v7d2QkY/UC4=
github.com/hbstack/carousel v0.2.2 h1:2WQINzBXMdTsvCA6GbMiRIyAOwZ00CCNybRjBgf43sc=
github.com/hbstack/carousel v0.2.2/go.mod h1:7ksA42jkP82YsGJqKOU9izqiZBLpIBDBuMY6+IAuTZI=
github.com/hbstack/carousel v0.2.3 h1:4jCjvd2+MDm9sAp3FOtPVa06JmnNLdfBRTxtkyrXl/M=
github.com/hbstack/carousel v0.2.3/go.mod h1:BUoUKVTPOSoE2iCJABFoCURetHa6OCw6r+gr5DBYavo=
github.com/hbstack/docs v0.6.0 h1:8DS75fO2MzHLTHYI7J6IrFj7LruIJfHRI/2qdUt7tKc=
github.com/hbstack/docs/modules/content-panel v0.1.2 h1:VqGx8TZfSxAabuAyWuxBjWHrBPP+83+xq2tn/4Yzx8I=
github.com/hbstack/docs/modules/content-panel v0.1.2/go.mod h1:ytvtc/Ml6Jnp9GI9lUvd3F/FFgyt3msd75veAXea2Ro=
github.com/hbstack/docs/modules/content-panel v0.1.3/go.mod h1:M5Jlig1rrnwnDjlHfDJz4yTSOIRD5S41pN3ItMbyCJI=
github.com/hbstack/docs/modules/content-panel v0.1.4 h1:h/bKPPVrpmCsDl+AojiYjlI8eGSJvohKm0z72vBgo7o=
github.com/hbstack/docs/modules/content-panel v0.1.4/go.mod h1:qke3solS2gzRvIocNsPU25tZCf3TLOAIEAEmUW6sGZ0=
github.com/hbstack/docs/modules/content-panel v0.1.5/go.mod h1:1cqME+WPPJVc3zBAi1W7aomml5n1baymuBWLMEVm+Gw=
github.com/hbstack/docs/modules/giscus v0.1.4 h1:gyCyb4ispdUnoF6EJbNghD82/jf9BCS7aR8b6oZPTZY=
github.com/hbstack/docs/modules/giscus v0.1.4/go.mod h1:7gkUNgTeMUqpUTPAGwhD7lSBScMZBO1lKscP92XuUfw=
github.com/hbstack/docs/modules/giscus v0.1.5/go.mod h1:OEWWifHO3BTYxg14jFcY8WPG7KpdWg+bjoDeN7ozku0=
github.com/hbstack/docs/modules/giscus v0.1.6 h1:2CQkbyGLpctOMIjRsB0YmmOVtjdGAeaBzGgTDC/CG5s=
github.com/hbstack/docs/modules/giscus v0.1.6/go.mod h1:NGVZZ4dpSOiNf34XH4Slj4lWSsXg6eoh6JM7Rk/LRyE=
github.com/hbstack/docs/modules/giscus v0.1.7/go.mod h1:97ZeoBJr54chr6u70HUDtkiVBDGwYl9lZAC9lmbpjhY=
github.com/hbstack/docs/modules/toc-scrollspy v0.1.1 h1:sF6MLsVh+XFm5UgIGHR9rIhRa9C+WAhfA0n/czjQzKE=
github.com/hbstack/docs/modules/toc-scrollspy v0.1.1/go.mod h1:Nd1iRY6jIt2CysHTaztEpwqycKf1n/r67nl9YKTE/NE=
github.com/hbstack/docs/modules/toc-scrollspy v0.1.2/go.mod h1:nfuMmZL9VP4uRjrG9wLT+80TXd0QWQiLJMc9H2NCyPs=
github.com/hbstack/docs/modules/toc-scrollspy v0.1.3 h1:U4k9Iyt88o4npYyTp48X+ipnEzL8qMvxzr4bg3JxcvM=
github.com/hbstack/docs/modules/toc-scrollspy v0.1.3/go.mod h1:bcHhZKtbwpYhkFKaeSCqwEFv95uQde3m+kq9OkUNQqU=
github.com/hbstack/docs/modules/toc-scrollspy v0.1.4/go.mod h1:Ed/fo05NbSSs+HN7nYiJXGWf9KGbeVXCqmdU0LSTu+o=
github.com/hbstack/featured-image v0.1.1 h1:suNZO1qFjyAk1XXE5vzwTj2TePWqYTCKsI3Gp2S4wNw=
github.com/hbstack/featured-image v0.1.1/go.mod h1:JniIDVMJnbvsR5cVVhsCpTMlvquZwo//pgbL5iyYWTA=
github.com/hbstack/header v0.4.1 h1:sL/jQzYaLqpCl4bp2ymbFRfF98xQqqoL0sNBv5Uxdn8=
github.com/hbstack/header v0.4.1/go.mod h1:zw0yPq+tdR9djAdPG9tgNN3MV1IT5m0n6Z9AgG+n2WY=
github.com/hbstack/header v0.4.2/go.mod h1:zw0yPq+tdR9djAdPG9tgNN3MV1IT5m0n6Z9AgG+n2WY=
github.com/hbstack/header v0.4.3/go.mod h1:zw0yPq+tdR9djAdPG9tgNN3MV1IT5m0n6Z9AgG+n2WY=
github.com/hbstack/header v0.4.4/go.mod h1:BMdysr68KL0Qmo0mufE2AepsO5YXSbBkjmIrwydhpng=
github.com/hbstack/header v0.6.0/go.mod h1:BMdysr68KL0Qmo0mufE2AepsO5YXSbBkjmIrwydhpng=
github.com/hbstack/header v0.7.1/go.mod h1:BMdysr68KL0Qmo0mufE2AepsO5YXSbBkjmIrwydhpng=
github.com/hbstack/header v0.8.0/go.mod h1:ZnACw6m73xB7Z5TUTyjErh6yURnMDDSWj8BVVrR9/+M=
github.com/hbstack/header v0.8.1/go.mod h1:ZnACw6m73xB7Z5TUTyjErh6yURnMDDSWj8BVVrR9/+M=
github.com/hbstack/header v0.8.2/go.mod h1:ihpMPmzro0155ZHtd3t95C1R5NN61JUZ/0Hng3GpiGo=
github.com/hbstack/header v0.9.0 h1:lhFJYaaOSuuQ7/vavg9pULZ/po2JcoZrAiISh9Iqw70=
github.com/hbstack/header v0.9.0/go.mod h1:ihpMPmzro0155ZHtd3t95C1R5NN61JUZ/0Hng3GpiGo=
github.com/hbstack/header v0.10.0/go.mod h1:MkFJjAqVs/pgOEBjdCzBTdjT6q43It0PGvZh56OkdB4=
github.com/hbstack/header v0.10.1/go.mod h1:MkFJjAqVs/pgOEBjdCzBTdjT6q43It0PGvZh56OkdB4=
github.com/hbstack/header v0.11.0/go.mod h1:MkFJjAqVs/pgOEBjdCzBTdjT6q43It0PGvZh56OkdB4=
github.com/hbstack/header v0.11.1/go.mod h1:MkFJjAqVs/pgOEBjdCzBTdjT6q43It0PGvZh56OkdB4=
github.com/hbstack/header/modules/banner v0.5.2 h1:hem87eHQL9zFPe2kPJ96xei/R+2pXDMqI9Aqrc/vh48=
github.com/hbstack/header/modules/banner v0.5.2/go.mod h1:+JoaoX4PZxomE4mihl+lXLysfdij/l9/PP9iAHMA/SE=
github.com/hbstack/header/modules/banner v0.5.3/go.mod h1:+JoaoX4PZxomE4mihl+lXLysfdij/l9/PP9iAHMA/SE=
github.com/hbstack/header/modules/banner v0.5.4/go.mod h1:c85F4g2BCfHU8RYqBZ2Fqmgcl9PTHkveaiOY7Y131Bw=
github.com/hbstack/header/modules/banner v0.5.5/go.mod h1:MwhwygdpguMaIJ/lduBltsSxJKga4SvOIvQV3RmMcXc=
github.com/hbstack/header/modules/banner v0.5.6/go.mod h1:p20fdSrgMq/bD8PiVHuEnnlki90Rw4MEpi4KRPIOd7g=
github.com/hbstack/header/modules/banner v0.5.7/go.mod h1:kYaDaJIUuzdYsuxDr8bTtr1Jv4IRxzhUt2MMZsGcrpI=
github.com/hbstack/heading-sign v0.1.3 h1:bkyBAwTETrbLqPBM89EuSscgLt2MOrmEPSeooeR0Jfc=
github.com/hbstack/heading-sign v0.1.3/go.mod h1:uR6DdjYDoLDFanc8kSglEe/08GyNyQBmyNEJ6Z1KRAg=
github.com/hbstack/meta/blog v0.2.5 h1:nVAALzFrEhVcCCi9T0AEYFX5RvYk12t3J8npzcAYKog=
github.com/hbstack/meta/blog v0.2.5/go.mod h1:C0ktddLJcixdIMC5NaGk4LKK5sHB5HH02shjtkv3Cvw=
github.com/hbstack/meta/blog v0.2.6/go.mod h1:Eq9e0utRHaG/PPhxXNi42zU4N449Fyzgcj5PkwoIQ7k=
github.com/hbstack/meta/blog v0.2.7/go.mod h1:g/6J2T9j8KJh6F1V6+Ae+57DOeShiWx8V52ij/4sSuI=
github.com/hbstack/meta/blog v0.2.8 h1:+Pmbq2sQC8TT6Tm8dLUG9ANlrP6Z9BcC25ieEseXh54=
github.com/hbstack/meta/blog v0.2.8/go.mod h1:Vjqq2a0epwwZbN24KwDaMMgOpy+cNf4XRkS4h0s9/vQ=
github.com/hbstack/meta/blog v0.2.9/go.mod h1:pT2YaBIDi2MmJAmLrTdVKN2qaL2B3ftKtyYewo0d5Nc=
github.com/hbstack/meta/blog v0.2.10/go.mod h1:zc7OLaPCEdE6NhK5ZNoTL0+Ssz/cNu0GR6VnTgustN8=
github.com/hbstack/meta/content v0.4.4 h1:hNDng3htcTf3j9H3gX5eKImg/FGp0S7dg6MFxsdVoNA=
github.com/hbstack/meta/content v0.4.4/go.mod h1:3bpUZ62pwPNjklm3Z0BKOyATbB5tEy1ZVVMQJG96MO4=
github.com/hbstack/meta/content v0.4.5/go.mod h1:NAsgOSUZNdNkP2wyA52TKPNmQAh4NSyK12kFOMG7NBQ=
github.com/hbstack/meta/content v0.4.6/go.mod h1:Cx7ncFl3k1Gg8A1A3AtPrEdUMO0g9VDqXpEkmM7qTB4=
github.com/hbstack/meta/content v0.4.7 h1:Ej3B04TU28IK8j4ZIBZ8XWRVtxsz0oSxpCcEbBb7IXA=
github.com/hbstack/meta/content v0.4.7/go.mod h1:I28fzGYqY/6UzcSMXb04PWCxuvxCoZ7QzQyRwCj1k8g=
github.com/hbstack/meta/content v0.4.8/go.mod h1:aA/lnX26oyqbkcDN+IvGFBGnXo6FgxxoCDxC6J02E78=
github.com/hbstack/meta/content v0.4.9/go.mod h1:jnzmn7m5AlH2tFSADT1881rjXunAjM/glt/YsNPp+IQ=
github.com/hbstack/meta/footer v0.2.4 h1:0ezPSHIyA+qcGJuyib7aNKIPA3Rz8KEoTf+DIo7NhCI=
github.com/hbstack/meta/footer v0.2.4/go.mod h1:9fH3M3f1f9t2EjLPcitmKZxXb4RifXfiAVxnxKEutic=
github.com/hbstack/meta/footer v0.2.5/go.mod h1:3XdXtp2YgXv/axP1cGXOc1RIykt1u72KhhN0IGUfBqs=
github.com/hbstack/meta/footer v0.2.6 h1:MXk9qzNyxCEV1YBDt4kUlF8tYfR9NN0usP/WOBrHOeg=
github.com/hbstack/meta/footer v0.2.6/go.mod h1:qM8t0sV+hXrWU7BZmY1Ly4JJfx9VoAClDmnS68zDAj8=
github.com/hbstack/meta/footer v0.2.7/go.mod h1:TSxi6UV5NTYtiQmMBTFPzJuwAIooFCj01TJaNbCcboo=
github.com/hbstack/meta/header v0.2.4 h1:XKvyQtOoY8oUN9pn5XJqj68ZSKua41epsAvl0lYft+A=
github.com/hbstack/meta/header v0.2.4/go.mod h1:oe5fpdTpm7rGTcKII3L4pYus30UPkeEpP4H5E7ZGIXk=
github.com/hbstack/meta/header v0.2.6/go.mod h1:pvUfAQK3HuTbcGKvxycWidOT8RUHKItoK7jn9+gsMaU=
github.com/hbstack/meta/header v0.2.7/go.mod h1:6LM0bSQjkR/QXkFPN/YGUvKedULeoiwRm7v3d+xPtHM=
github.com/hbstack/meta/header v0.2.8 h1:WNHUF4PBVOSi58JCuOMstM1vYAnEUnf4gj3UCBqn95k=
github.com/hbstack/meta/header v0.2.8/go.mod h1:7WtIJk0ihqTew4TQmvoyuJaagtbI4SCD24x3Z2wMrNM=
github.com/hbstack/meta/header v0.2.9/go.mod h1:Chl0/KjemoUJwYsv+qkLGMVxnvUzuh4HoSHJmYnc6i8=
github.com/hbstack/meta/recommended v0.2.3 h1:Rt4diCSvt45ypUZ/9rrAQCfFz7W3IAeTaIAjKm8/9W4=
github.com/hbstack/meta/recommended v0.2.3/go.mod h1:BMrAvoaRXym/gMl6f9ervMdQxairONEqXA6F+WvvX6o=
github.com/hbstack/meta/recommended v0.2.5/go.mod h1:2emYYxSvcli3Jg+Uf788Xf9aFPxGx6QyVFN9DJc45V8=
github.com/hbstack/meta/recommended v0.2.6/go.mod h1:awsDt/+403LNnIJN034gaIl7jdha/oaWJOMFVpY/Hjk=
github.com/hbstack/meta/recommended v0.2.7 h1:pG0P1CmU/wZBNyXqAQyRJ4O+dDM49f5EkThVNktfD6c=
github.com/hbstack/meta/recommended v0.2.7/go.mod h1:DXZagPEHAH7ue5GTm+ZQbWHA9UmCuszDBgi88BZuRPM=
github.com/hbstack/meta/recommended v0.2.8/go.mod h1:0AryzThnQpmoqZ4F2B14moR3AyawyLGOjL7vR+UnVKI=
github.com/hbstack/meta/seo v0.2.0 h1:0xemjrVWwLmYjzKCAmo/6vxWEHACXimjT7vlFYXgmCM=
github.com/hbstack/meta/seo v0.2.0/go.mod h1:41BjjCbTMPJCmrepy5wXjwkV2QQxLyM8Q2kUrJpH/sM=
github.com/hbstack/pagination v0.2.0 h1:1TKy5bLrwkIxHJPLjK+k6Ws9ZO6Lg2ppP+Z1iVvDoAw=
github.com/hbstack/pagination v0.2.0/go.mod h1:IwCFgkfkXMVjudqJ8nHcwQLlXmwx0MRtNFOCd+0I3Vw=
github.com/hbstack/snackbar v0.1.2 h1:/9R2CdWnLcOBobxzdpe30cgM1gcKJAXtbVbZtp2pgmY=
github.com/hbstack/snackbar v0.1.2/go.mod h1:4uZSGpI9ZtR9by0bA8yJW2y61sRks2W4a8VvyMluXuo=
github.com/hbstack/socials v0.2.0 h1:qBx25+liXAo0eYzBIteT77LCYacwAuQSvBQ4eFc9Mic=
github.com/hbstack/socials v0.2.0/go.mod h1:USfubzam3XxG/jh/zLv2htW3DGf15NLibPx0AhBhXa0=
github.com/hbstack/socials v0.3.0 h1:NZnkOZ28H+ToYuM5gjCzVwBjGrG4l8PLQDf+tBIbsCg=
github.com/hbstack/socials v0.3.0/go.mod h1:lc7XsL6iBSZqi8k3WImGqy4v6vMlZmlv+pbLWCbe4GE=
github.com/hbstack/socials v0.4.0/go.mod h1:G6kI6asbxorXM2lXZgAdqWb2BvNX2CNJP4Ek6x8wwRs=
github.com/hbstack/socials v0.5.1/go.mod h1:xJr/3XfBydzfm8ipFLxqiK7sVSpY0PynX19VxwKziUg=
github.com/hbstack/socials v0.6.0/go.mod h1:vOckvjx7Tvhg+QJ4rKR7lTj3GytBMACj1Q43V459J5Q=
github.com/hbstack/syntax-highlighting v0.1.0 h1:WxdhNgCktllNKQDqu1BmLmg9dsi77/dXIlcdQ8KZZI0=
github.com/hbstack/syntax-highlighting v0.1.0/go.mod h1:6IoaM+tSIkKZblIrT1i5L3zVH68nt4UScU9JB30FQsc=
github.com/hbstack/syntax-highlighting/styles/gruvbox v0.1.0 h1:lGH8nqOU/+3yzHIk5s1nTrzHDImEnvLkr/0viuPfx3Y=
github.com/hbstack/syntax-highlighting/styles/gruvbox v0.1.0/go.mod h1:ar5ZFplNyVZCVG6rvo69co1hNZwptxtrDz3zproGLPg=
github.com/henrygd/bigger-picture v1.1.8 h1:C349KN8/efgIyTxGvrrx746xEWp03WWzuRRyRN2hQuY=
github.com/henrygd/bigger-picture v1.1.8/go.mod h1:LayqbjDNNsZH+ZXklmjBe5T02qxpH9Cah/ygAraOBIk=
github.com/henrygd/bigger-picture v1.1.11 h1:8WmCgEV5xb35Neg8gyAvEOU5hPU8rHmt6YUlX1mHNHY=
github.com/henrygd/bigger-picture v1.1.11/go.mod h1:LayqbjDNNsZH+ZXklmjBe5T02qxpH9Cah/ygAraOBIk=
github.com/henrygd/bigger-picture v1.1.12/go.mod h1:LayqbjDNNsZH+ZXklmjBe5T02qxpH9Cah/ygAraOBIk=
github.com/hugomods/base v0.1.0 h1:3o9Y85BvXHjkYzZfswM/EtthQ8GOYKN8aXHkIWqu3/8=
github.com/hugomods/base v0.1.0/go.mod h1:hnWCPbVxuhXBwdFax3mmbMlWKmIo/7OP36MCLOyHtT4=
github.com/hugomods/bootstrap v0.7.2 h1:hb8G5aDp/1tITmpr1N0eI3yO5QgHtcXq/ymWhRylLm4=
github.com/hugomods/bootstrap v0.7.2/go.mod h1:NVii94xgqDocyD0+aAWamBLPJjNspfMynEdmIOXO3Vs=
github.com/hugomods/bootstrap v0.8.1/go.mod h1:NVii94xgqDocyD0+aAWamBLPJjNspfMynEdmIOXO3Vs=
github.com/hugomods/bootstrap v0.9.0/go.mod h1:NVii94xgqDocyD0+aAWamBLPJjNspfMynEdmIOXO3Vs=
github.com/hugomods/bootstrap v0.9.1/go.mod h1:NVii94xgqDocyD0+aAWamBLPJjNspfMynEdmIOXO3Vs=
github.com/hugomods/bootstrap v0.10.0/go.mod h1:NVii94xgqDocyD0+aAWamBLPJjNspfMynEdmIOXO3Vs=
github.com/hugomods/bootstrap v0.11.1 h1:gbJRe1FyxnCxWq5DtyGXxVpU0rmFa5uS1htNUYKo8GQ=
github.com/hugomods/bootstrap v0.11.1/go.mod h1:NVii94xgqDocyD0+aAWamBLPJjNspfMynEdmIOXO3Vs=
github.com/hugomods/bootstrap v0.11.2/go.mod h1:NVii94xgqDocyD0+aAWamBLPJjNspfMynEdmIOXO3Vs=
github.com/hugomods/bootstrap v0.11.3/go.mod h1:NVii94xgqDocyD0+aAWamBLPJjNspfMynEdmIOXO3Vs=
github.com/hugomods/bootstrap v0.12.0/go.mod h1:7IkovSZw/9Grx2bgcTMielY5vvLjPBzy5x/bPIA1BlY=
github.com/hugomods/bootstrap v0.13.0/go.mod h1:7IkovSZw/9Grx2bgcTMielY5vvLjPBzy5x/bPIA1BlY=
github.com/hugomods/code-block-panel v0.2.0 h1:vSZfriVuK34Z9k7710g1tr7tZPv26VYPXio5bYmaz24=
github.com/hugomods/code-block-panel v0.2.0/go.mod h1:sbl/NT0TZqHagnW8NWB690lDBGyY5r2dx6xpR17QSq4=
github.com/hugomods/decap-cms v0.1.0 h1:FGswav9aXekLQs4FFLHkJ2bgulxUUXQZmbCryUigDcU=
github.com/hugomods/decap-cms v0.1.0/go.mod h1:P9gUtk59PZYBCNVIqiovRPqI13WiKkutMtJl2YQLkMA=
github.com/hugomods/encrypt v0.2.0 h1:mlwrKPahAcotlYSSso5GZQgLoMeHNPwIAdxD0m/459E=
github.com/hugomods/encrypt v0.2.0/go.mod h1:5oezB6nFUpiCPmLRBP9mvqCUqa+4NNEyCVifTDCTv4U=
github.com/hugomods/giscus v0.1.0 h1:tIu1TzYByC/XlxxiBl9+CkQp9OeR4UhoZjbQSlcDt5E=
github.com/hugomods/giscus v0.1.0/go.mod h1:tCRkqNi/sMsLh3kjDesXZNzf4R/w+b5oc5boS/l8Jtw=
github.com/hugomods/giscus v0.1.1/go.mod h1:tCRkqNi/sMsLh3kjDesXZNzf4R/w+b5oc5boS/l8Jtw=
github.com/hugomods/google-adsense v0.1.0 h1:eykHVCF+JjJRpEQ/b+EkH9aQLQxIdGI8m06qsq1iybA=
github.com/hugomods/google-adsense v0.1.0/go.mod h1:zXQIuUr9pIqlNdCzOLY04Rx7oeUm5R+OhUmscNPiI0w=
github.com/hugomods/google-analytics v0.2.0 h1:ziRPsDMYKAmvfl6ofthJdmXq0w10yxNKI/dF0vbcX0k=
github.com/hugomods/google-analytics v0.2.0/go.mod h1:Q89C3HmPHn2m2VT1INfnLwkpDyyYRLRIPitLA/aFIy8=
github.com/hugomods/gravatar v0.2.0 h1:642HNhGN7Mw7qefNcUFJKzLoT2zJKt4IQkrS53mIUfA=
github.com/hugomods/gravatar v0.2.0/go.mod h1:oATWuh5u2XUK/ZKzOD0VEP5I/TZfVZwplTyhT61Q4Fc=
github.com/hugomods/hugopress v0.2.0 h1:Y9emu6wDnPsr7Rk0VyxWi5KEWreaFxUxPFAeG6euFpk=
github.com/hugomods/hugopress v0.2.0/go.mod h1:CRYvr60xOkZOf4Atkuj+uEj2EH5pjJ39Ws3aJAkoMkA=
github.com/hugomods/hugopress v0.2.1 h1:coYEPHUNLuTxKrVWVIPgs0lbZ6yrqxdWjgSriNFuBVo=
github.com/hugomods/hugopress v0.2.1/go.mod h1:CRYvr60xOkZOf4Atkuj+uEj2EH5pjJ39Ws3aJAkoMkA=
github.com/hugomods/icons v0.6.0 h1:G6RU93okhPPRDh/jqcew9gwkcYpSpg0rCBv4S6yUAFw=
github.com/hugomods/icons v0.6.0/go.mod h1:cIkSvK6W0q6N4U6n9KGz+QfRWQXAW0INd+1P31gPNGg=
github.com/hugomods/icons/vendors/feather v0.2.0 h1:dBRzxvprIP3jReF6IDf+bp4OiRX4AnQRs2Vty/qsVRY=
github.com/hugomods/icons/vendors/feather v0.2.0/go.mod h1:XKGSihn06SXcbkpS4/RDQh94NvTmtg+Xc4bfP2oY7jY=
github.com/hugomods/icons/vendors/feather v0.2.1 h1:K4/QWcjBJM6X4CDVL3HkUQyecKV8liLMUUEZplnwEiw=
github.com/hugomods/icons/vendors/feather v0.2.1/go.mod h1:rJI9XA0BjqQPTQuJP0ciO0Dagl23W+t9sSbKO6NBXng=
github.com/hugomods/icons/vendors/font-awesome v0.6.0 h1:B5OwUkpVupNdtxyRlU+572HfCpvKhmIMX+8L49eTr3w=
github.com/hugomods/icons/vendors/font-awesome v0.6.0/go.mod h1:6e81kH7XzgVySHRQtc+cA4bSabpCuZHorQL8LPv7raE=
github.com/hugomods/icons/vendors/font-awesome v0.6.1 h1:MyYF67fPthN4EDkT/IwY0ydowxzE6J/oKFTltOCY2vY=
github.com/hugomods/icons/vendors/font-awesome v0.6.1/go.mod h1:kmMci4qX8yTQPT28sskzKRudJiQAAiZZugjNbkakRhk=
github.com/hugomods/icons/vendors/lucide v0.3.11 h1:LMChtAJrVz6VvEdMEeTyK59mDppkxuJyO5+cili9A2U=
github.com/hugomods/icons/vendors/lucide v0.3.11/go.mod h1:/sIoS1sAP5hB8qlMLl7oiWxq00TyZJTMs2tVFTLWkcE=
github.com/hugomods/icons/vendors/lucide v0.3.14/go.mod h1:F0ZjqraVdBJadpHOgSrBq02cyydwPRK8d9tlAGzyMME=
github.com/hugomods/icons/vendors/lucide v0.3.15/go.mod h1:Z2es8bHiPfI7miXN3K4TFJWXaBgIMsnfoYu3HKVxW7w=
github.com/hugomods/icons/vendors/lucide v0.3.16 h1:IQqgped/4DIe+FGe7u7W3pXcGCl9iztzUPi00rmt2UI=
github.com/hugomods/icons/vendors/lucide v0.3.16/go.mod h1:92fL24fAnTYWIAnq8i3UbWyeERFA/bupS2uhe8btB64=
github.com/hugomods/icons/vendors/mdi v0.3.0 h1:Lb47OUzjlLjD5Ik41VRFZXs8pSNjo8j9WhhJvFEtR1E=
github.com/hugomods/icons/vendors/mdi v0.3.0/go.mod h1:wbBjb2paemrSK8pZZm1K8Nv3AfiUWXVedkuzVFbBa+4=
github.com/hugomods/icons/vendors/simple-icons v1.0.6 h1:FB3fkD9pgmI7pIYy1+pO0psMUq5RC01LIDRyQxPisgc=
github.com/hugomods/icons/vendors/simple-icons v1.0.6/go.mod h1:+1Qnf9FmQIyDt/g+6K+HUOOsGy80jFJK+FrAUiIcEfI=
github.com/hugomods/icons/vendors/simple-icons v1.0.7/go.mod h1:gsIKzWh2wXyio1vxffn116X6pU1WU2uH8e5sYoPxgnI=
github.com/hugomods/icons/vendors/simple-icons v1.0.8/go.mod h1:eFPGdL9XRcNglAUvXIFfAhkFLRIs6Pe0nRpXGHqkXTY=
github.com/hugomods/icons/vendors/simple-icons v1.0.9/go.mod h1:N25uIaNZSI+V/7sIVzIiVYzLdLb8wLQdtU8+bDqAfFE=
github.com/hugomods/icons/vendors/simple-icons v1.0.10/go.mod h1:Q89vk6C3APCGLGitoKG4lcoZN/iCn5wVilAraxrxtFQ=
github.com/hugomods/icons/vendors/simple-icons v1.0.11 h1:Faq8i0sJNX3XZXQBf8QIOsh/u2jBuCW+Cn/6Ow7l5fQ=
github.com/hugomods/icons/vendors/simple-icons v1.0.11/go.mod h1:ygxynoNwK4aE9ijEAZHtTV4V/FaovN4kHKH9m7X2yZM=
github.com/hugomods/icons/vendors/simple-icons v1.0.12/go.mod h1:D79JYuM4y6yOrgk09kNuQL5x1qi4rHgAPmM8qtv5dB4=
github.com/hugomods/icons/vendors/simple-icons v1.0.13/go.mod h1:Ks+LDP1NgOaceeXthrkv6z/r8cJYPMp5uaYPpSrs13M=
github.com/hugomods/icons/vendors/simple-icons v1.0.14/go.mod h1:1CN0iptqBWzNBodMiduk0Pq5i/2fYQqaeNcCjyasDGE=
github.com/hugomods/icons/vendors/simple-icons v1.0.15/go.mod h1:oHaOlQ4ihibUBN59q0UT8yiTJ7RkgcSB14F9lCRBw10=
github.com/hugomods/icons/vendors/simple-icons v1.0.16/go.mod h1:BV4f9pZ5cIHqMskgrsAR2/FKXIfD2WPidUTK27Y5E8Y=
github.com/hugomods/icons/vendors/tabler v0.15.4 h1:gX1fx07zz4Flav3wtcnOddqujB0rJW1bmx0wFmXfvvw=
github.com/hugomods/icons/vendors/tabler v0.15.4/go.mod h1:czETsPKIqavE+3BB9smMNUh+l2g7sBh6IzteQzbX/7E=
github.com/hugomods/icons/vendors/tabler v0.15.6/go.mod h1:GKGHQRj8lU7lOjl8kaZ04eZrBXLbcHgf04PjdMgXwX4=
github.com/hugomods/icons/vendors/tabler v0.15.7/go.mod h1:UW7F+EFpYln9FXXlx3q2y2OYRm5orv64ipkbdnGQDtQ=
github.com/hugomods/icons/vendors/tabler v0.15.8/go.mod h1:u8aBTgw7qcbQfhBUkCXrbD6ITWrKEqXiywzZ10NHzHU=
github.com/hugomods/icons/vendors/tabler v0.15.9 h1:9IYEgidjQNMt2AEYbD1ZRRDTGNiz71bSJJXNdKVhpgw=
github.com/hugomods/icons/vendors/tabler v0.15.9/go.mod h1:eTth8mADCfF+MwCLxn5xX3q80gH69Yr9DQIUNPqZKGI=
github.com/hugomods/icons/vendors/tabler v0.15.10/go.mod h1:y3ncPKa7awEyN0tC55nkmzRWA7jEpRU9+TnBcY4kzXY=
github.com/hugomods/icons/vendors/tabler v0.15.11/go.mod h1:TTJ+ty173p/+ei2EABw1mcbM+sRCY+H/UhiS+lCeLwA=
github.com/hugomods/icons/vendors/tabler v0.15.12/go.mod h1:rv3a/5tQ13ZXfJtiwIcOPn5E6jiXlZ3CY/tv1Tcbbd8=
github.com/hugomods/icons/vendors/tabler v0.15.13/go.mod h1:lKJ/JI6vlXFleH/ROjS62qLlaI+LWvCVRWxHnNpa9ko=
github.com/hugomods/icons/vendors/tabler v0.15.14/go.mod h1:mCf/p1YG1ghk8K8zFCpjVuVhu1n6oq+arBe2nTinnqc=
github.com/hugomods/icons/vendors/tabler v0.15.15/go.mod h1:ZIwL49261E+fjAjYKOgbMYSuw91Qs3h49N9jkPqSUVQ=
github.com/hugomods/idb-js v0.1.0 h1:mA6hEGtR0aFEdmq9zYMGpfSpCU6SMilx9RzC4uK3DqY=
github.com/hugomods/idb-js v0.1.0/go.mod h1:GPfnmr+BQpP4s6Epd4Yu+RlUog8q/Djw8qy8BZFWZ04=
github.com/hugomods/images v0.7.0 h1:NEGgCSrh1YuHGmTAL9wDAKLdXL4WU6Nw4BfkampJxyM=
github.com/hugomods/images v0.7.0/go.mod h1:U6Gwj16LKvk66rOMyGFrnF6f0aV8lT89lqOsckOAjYY=
github.com/hugomods/katex v0.2.0 h1:h5hG0vnyL6dMzNiLeNMXb+VPwseZXoTORjzV6e6YgJw=
github.com/hugomods/katex v0.2.0/go.mod h1:8wO7jRjPT+M6UeipsJ0Hpah4LjWU9P6V5CO0eEKvL8U=
github.com/hugomods/katex v0.3.0/go.mod h1:EBY1YQTN6F8FDQz+mWp3EzEh8vDN31YjL9luVni+Wm0=
github.com/hugomods/mermaid v0.1.1 h1:12b8DbdiKOTtPmkWOMXsBz3LKkAWVqa5tGkbEboj0a4=
github.com/hugomods/mermaid v0.1.1/go.mod h1:7sKIZLAeYsXXnKRh4KR70UQx27xnzf0mSQ2o99zTLS0=
github.com/hugomods/pwa v0.3.0 h1:1NByCobQap2qbpO+J69r9bggYMjGZ9UHznzbeBnwFJE=
github.com/hugomods/pwa v0.3.0/go.mod h1:22AYzuQ64DKY2WJAytKqRKC2BIFc6j39Jo8tTQE+6Xc=
github.com/hugomods/pwa v0.3.1/go.mod h1:22AYzuQ64DKY2WJAytKqRKC2BIFc6j39Jo8tTQE+6Xc=
github.com/hugomods/pwa v0.3.2 h1:4+Csk+wJcv+nzrz8kyrpYmtaAw3MFpAAs3WR5b2OwuI=
github.com/hugomods/pwa v0.3.2/go.mod h1:22AYzuQ64DKY2WJAytKqRKC2BIFc6j39Jo8tTQE+6Xc=
github.com/hugomods/search v0.4.4 h1:g94Qc2zffh8ZRfSJUd7rAmgj7QWOAQgT/pPNN/skITs=
github.com/hugomods/search v0.4.4/go.mod h1:xdMNL0R06eMDyl8LVoFNp19lnFSNMFT+oje8j8N/WbI=
github.com/hugomods/search v0.4.5 h1:RC7OTkEAQjh49/SCh5Gw0+RFzeTDE+6J5XqMixVY6mw=
github.com/hugomods/search v0.4.5/go.mod h1:xdMNL0R06eMDyl8LVoFNp19lnFSNMFT+oje8j8N/WbI=
github.com/hugomods/shortcodes v0.10.0 h1:NKu2m1xciBsqzu7PU0SDu1C12OHdX+pMjfUI975kCXM=
github.com/hugomods/shortcodes v0.10.0/go.mod h1:EnVopbZMNI/HeteM3Lp3phBTCRLvPSe7l142qhRFFPY=
github.com/hugomods/shortcodes v0.11.0/go.mod h1:EnVopbZMNI/HeteM3Lp3phBTCRLvPSe7l142qhRFFPY=
github.com/hugomods/shortcodes v0.12.0/go.mod h1:EnVopbZMNI/HeteM3Lp3phBTCRLvPSe7l142qhRFFPY=
github.com/hugomods/shortcodes v0.12.1/go.mod h1:EnVopbZMNI/HeteM3Lp3phBTCRLvPSe7l142qhRFFPY=
github.com/krisk/Fuse v6.6.2+incompatible h1:laigOpZFs/xUi9zGjVu5t19bcvzRVufoXCnPSgQZmYI=
github.com/krisk/Fuse v6.6.2+incompatible/go.mod h1:3moWv8rDjwoKic9nwiPLgZjldkbdTAbtzJHCu/Vsj4A=
github.com/razonyang/hb-mod-thanks v0.3.0 h1:dV9ZsvXyhA+m1NHHY+Osycv3UqME2O5k997DndNOqF8=
github.com/razonyang/hb-mod-thanks v0.3.0/go.mod h1:DDIftBCERJx2T1v9VzgRyqLLPFrgw0Z22sPgaYLyOBY=
github.com/razonyang/hb-mod-thanks v0.4.1 h1:NhETlKG+Q/dyY7IDU69IfkXVTo73xptGQ/qp3dsWGZ4=
github.com/razonyang/hb-mod-thanks v0.4.1/go.mod h1:I3YYwYn9KKLI1+eU9YV49Sl8TAQPPvrWIdlren+BHRc=
github.com/razonyang/hb-mod-thanks v0.4.2/go.mod h1:QNNUPfVp6v3fyvFjkk1DDDl0qhajEuzXAPgnuwMLg1w=
github.com/twbs/bootstrap v5.3.0+incompatible/go.mod h1:fZTSrkpSf0/HkL0IIJzvVspTt1r9zuf7XlZau8kpcY0=
github.com/twbs/bootstrap v5.3.2+incompatible/go.mod h1:fZTSrkpSf0/HkL0IIJzvVspTt1r9zuf7XlZau8kpcY0=
github.com/twbs/icons v1.10.5 h1:F9uvW7cGfDBAautw5aeCmnB3hw4vv3aEQGbHnzcQKaE=
github.com/twbs/icons v1.10.5/go.mod h1:GnRlymgVWp5iVJCMa0Me5b6tFyGpVc2bSxPMRGIJmyA=
github.com/twbs/icons v1.11.0/go.mod h1:GnRlymgVWp5iVJCMa0Me5b6tFyGpVc2bSxPMRGIJmyA=
github.com/twbs/icons v1.11.1/go.mod h1:GnRlymgVWp5iVJCMa0Me5b6tFyGpVc2bSxPMRGIJmyA=
