github.com/GoogleChrome/workbox v7.0.0+incompatible h1:/bqYzSkS1O9leTJ8kT0v9d61ANMJKt+GemdhmcaSB9c=
github.com/GoogleChrome/workbox v7.0.0+incompatible/go.mod h1:dyEoGLpJeO43pUVJb+nNNr1WRgoF81hNEl4UGLV+yow=
github.com/gohugoio/hugo-mod-bootstrap-scss/v5 v5.20300.20200 h1:SmpwwN3DNzJWbV+IT8gaFu07ENUFpCvKou5BHYUKuVs=
github.com/gohugoio/hugo-mod-bootstrap-scss/v5 v5.20300.20200/go.mod h1:kx8MBj9T7SFR8ZClWvKZPmmUxBaltkoXvnWlZZcSnYA=
github.com/gohugoio/hugo-mod-jslibs-dist/popperjs/v2 v2.21100.20000/go.mod h1:mFberT6ZtcchrsDtfvJM7aAH2bDKLdOnruUHl0hlapI=
github.com/hbstack/announcement-bar v0.4.1 h1:DeyC9hBFCKdZVMyRa9pj3X6MsOiVTVc8X1vmLMVy0Kg=
github.com/hbstack/announcement-bar v0.4.1/go.mod h1:TTSTE34jtsCJ3GDECylEyS5ljexJY8eIwhDhKmDFCkg=
github.com/hbstack/base v0.2.2 h1:YpctIP3l63jmi7f7AeZwZMCttc3OHPlDjJeLCRz5Hyw=
github.com/hbstack/base v0.2.2/go.mod h1:hBRf/kdIQnd7iEhBxr6A+jMwwgJC76MbiAin1eUdHkQ=
github.com/hbstack/blog v0.18.1 h1:hACKaMn4+Lf/jSGZkvTfQ10DPF97E9ugAxwWRRyGst4=
github.com/hbstack/blog v0.18.1/go.mod h1:KnzxoBimPscpB0275kItIJPWM989KPj6ADJIbZTGaY0=
github.com/hbstack/blog/modules/content-panel v0.1.18 h1:jSCvlgNZtoMWSW6a8seFRUrN0J8pBpvCZUhkxMy9Ot0=
github.com/hbstack/blog/modules/content-panel v0.1.18/go.mod h1:k1j6k74zWYw0cdYYTs8QXBWBV6z0Jc3u4GBKqavzkas=
github.com/hbstack/blog/modules/content-panel v0.1.19/go.mod h1:urRo3WWw/U5p8XkHBvHxtKj+iyXBPvND8fSCB9Qv4IY=
github.com/hbstack/blog/modules/content-panel v0.1.20/go.mod h1:ntr/0KwBPqPdqgjcgUUvYHAoBkTFEOIQ4a3zc41upRc=
github.com/hbstack/blog/modules/giscus v0.1.20 h1:+yJcfWb1BHrGsD3xLT/GV0ekQUh8y1RNDu9BBGgyyKk=
github.com/hbstack/blog/modules/giscus v0.1.20/go.mod h1:wFSsz//dY4vg8U+w+Z2naQTZveiL9nXA/Ez05FXVx/A=
github.com/hbstack/blog/modules/giscus v0.1.21/go.mod h1:J84B9Mx0OvhtHVcj/Vanaj2HUvqS9n+plAvI5I4iRy4=
github.com/hbstack/blog/modules/giscus v0.1.22/go.mod h1:RLTowItJ5mTFxLgQnx6wIvK3lQQcXx9tphXwe1IHtYQ=
github.com/hbstack/blog/modules/sidebar/posts v0.5.1 h1:NSKPWfkq0uwOpnAYY4weFap2Oc2ui8ERQHFUC9Lb+U4=
github.com/hbstack/blog/modules/sidebar/posts v0.5.1/go.mod h1:91ajNkYdnXm0R7e+HoRnrMd4NY+4tWrMHw8CJPphtac=
github.com/hbstack/blog/modules/sidebar/posts v0.5.2/go.mod h1:eZcNDN2qxsCc8/dPl9rJq9yTVz/sFUakjPoWiNIXxy4=
github.com/hbstack/blog/modules/sidebar/posts v0.5.3/go.mod h1:74Q5GqPX7585+9WbgvedFXX2gG8A44trOr7rroOxLGc=
github.com/hbstack/blog/modules/sidebar/taxonomies v0.3.10 h1:4Mlwsntio7jivn49ZeYxq60+QV1GDI/LKIkhFuIDGLo=
github.com/hbstack/blog/modules/sidebar/taxonomies v0.3.10/go.mod h1:WOzLjjV0XP5zoEbrkxbTNleTcJoYT/rvDksj2/HTnAw=
github.com/hbstack/blog/modules/sidebar/taxonomies v0.3.11/go.mod h1:BzgSqgo39En5bWiiCqqWbzHEX/4RfwpK5sMsvmXiASk=
github.com/hbstack/blog/modules/sidebar/taxonomies v0.3.12/go.mod h1:onZIjbiYFHSjOOvShHX+NzrCx9KDyrv/cOYtpvH8ppU=
github.com/hbstack/blog/modules/toc-scrollspy v0.1.17 h1:7Bn9j4huYBeyQWSg3g+0Nq9x21yjH4e3CKqBfyF65eU=
github.com/hbstack/blog/modules/toc-scrollspy v0.1.17/go.mod h1:gkTJ3vQbgvU4O91Z7qgH9tb/khH1a6FTK/lqHkm3Unc=
github.com/hbstack/blog/modules/toc-scrollspy v0.1.18/go.mod h1:iciaSG3xa1bruPnIZRrkRzIearfbU+gqaA1G6KCkgz4=
github.com/hbstack/blog/modules/toc-scrollspy v0.1.19/go.mod h1:SlslQBJSmPHDkKKFEve/UudXqfOKv/t4JfO3v3+pyVg=
github.com/hbstack/breadcrumb v0.2.1 h1:dhgak/MwHojE3PSzTMytXp1p0JGhsMje65/3bCxaAL8=
github.com/hbstack/breadcrumb v0.2.1/go.mod h1:TTqv6qJzqTeYvHSZ3gIifRB/zVD0l+I7/Sxu0cftqtE=
github.com/hbstack/carousel v0.2.4 h1:OkMRqyhklJBMbOXo8p/dsS+iQVQTrMUI7Jfm13Js3L4=
github.com/hbstack/carousel v0.2.4/go.mod h1:AchKlXiqYNZouE3Ee/VSSQle2FUZV5CJgTnPBFI7Gj0=
github.com/hbstack/docs/modules/content-panel v0.1.5 h1:CZ3IlF68c9rMV1cRGli5s/SXzE9+7g2AW0msQFcKhkc=
github.com/hbstack/docs/modules/content-panel v0.1.5/go.mod h1:1cqME+WPPJVc3zBAi1W7aomml5n1baymuBWLMEVm+Gw=
github.com/hbstack/docs/modules/content-panel v0.1.6/go.mod h1:Z3YEee3F2OClJl7HPs99DLn/WPMIoyz3DAgh70xwuXM=
github.com/hbstack/docs/modules/giscus v0.1.7 h1:SW6AMAVDdDh/RiZdaKbCKUvjfq1n6ugWlKjRo+SySV0=
github.com/hbstack/docs/modules/giscus v0.1.7/go.mod h1:97ZeoBJr54chr6u70HUDtkiVBDGwYl9lZAC9lmbpjhY=
github.com/hbstack/docs/modules/giscus v0.1.8/go.mod h1:AEoD0YJKDL6Sh8/eAHq1+mZDUu5re3z9UvnTlhd0LmY=
github.com/hbstack/docs/modules/toc-scrollspy v0.1.4 h1:rorlYljbsRsdqKlwODre3t6n8VL8B5B8u0EtVXq1naY=
github.com/hbstack/docs/modules/toc-scrollspy v0.1.4/go.mod h1:Ed/fo05NbSSs+HN7nYiJXGWf9KGbeVXCqmdU0LSTu+o=
github.com/hbstack/docs/modules/toc-scrollspy v0.1.5/go.mod h1:aAF0wxtvX3L3bJV2JjTHfRywoErlk2f1YG9yVVZzfn0=
github.com/hbstack/featured-image v0.1.1 h1:suNZO1qFjyAk1XXE5vzwTj2TePWqYTCKsI3Gp2S4wNw=
github.com/hbstack/featured-image v0.1.1/go.mod h1:JniIDVMJnbvsR5cVVhsCpTMlvquZwo//pgbL5iyYWTA=
github.com/hbstack/header v0.12.0 h1:VMqJP3v2SMPnsiZ7VkcE1C1scyBc47FHM8AeDFbGBwI=
github.com/hbstack/header v0.12.0/go.mod h1:MkFJjAqVs/pgOEBjdCzBTdjT6q43It0PGvZh56OkdB4=
github.com/hbstack/heading-sign v0.1.3 h1:bkyBAwTETrbLqPBM89EuSscgLt2MOrmEPSeooeR0Jfc=
github.com/hbstack/heading-sign v0.1.3/go.mod h1:uR6DdjYDoLDFanc8kSglEe/08GyNyQBmyNEJ6Z1KRAg=
github.com/hbstack/meta/recommended v0.2.9 h1:9w155wUQ5ZYqLIBP8GgsnJd9iPYqxjTfDXTJNpDzE6Y=
github.com/hbstack/meta/recommended v0.2.9/go.mod h1:SPfLwuEOAc8addpyY8Szd1rBi0ZaDekiIzNPNscABjg=
github.com/hbstack/meta/recommended v0.2.10/go.mod h1:OdGN+zqdgFbet5A6XrfjaTNUTd5L91rOUNRJxgq38fo=
github.com/hbstack/pagination v0.2.1 h1:fiL3rVqQphvEMP/LuKeEGUS5kCZHqtFxkZyWEAVGu5c=
github.com/hbstack/pagination v0.2.1/go.mod h1:rYUcK2N6NxzLiy67xfXzt1xSCE5QKFPYHG3+2hsecYQ=
github.com/hbstack/snackbar v0.1.2 h1:/9R2CdWnLcOBobxzdpe30cgM1gcKJAXtbVbZtp2pgmY=
github.com/hbstack/snackbar v0.1.2/go.mod h1:4uZSGpI9ZtR9by0bA8yJW2y61sRks2W4a8VvyMluXuo=
github.com/hbstack/socials v0.6.0 h1:vnDZLpQmA2tJAHQeOXuFtlzMIoE8rUKahiBRuhkeg3w=
github.com/hbstack/socials v0.6.0/go.mod h1:vOckvjx7Tvhg+QJ4rKR7lTj3GytBMACj1Q43V459J5Q=
github.com/hbstack/syntax-highlighting v0.1.0 h1:WxdhNgCktllNKQDqu1BmLmg9dsi77/dXIlcdQ8KZZI0=
github.com/hbstack/syntax-highlighting v0.1.0/go.mod h1:6IoaM+tSIkKZblIrT1i5L3zVH68nt4UScU9JB30FQsc=
github.com/hbstack/syntax-highlighting/styles/gruvbox v0.1.0 h1:lGH8nqOU/+3yzHIk5s1nTrzHDImEnvLkr/0viuPfx3Y=
github.com/hbstack/syntax-highlighting/styles/gruvbox v0.1.0/go.mod h1:ar5ZFplNyVZCVG6rvo69co1hNZwptxtrDz3zproGLPg=
github.com/henrygd/bigger-picture v1.1.12 h1:0SwIX+ZY1Jt2DyRX9Tswt8JrB0NNARBN899bVzF0DGA=
github.com/henrygd/bigger-picture v1.1.12/go.mod h1:LayqbjDNNsZH+ZXklmjBe5T02qxpH9Cah/ygAraOBIk=
github.com/hugomods/base v0.3.0 h1:RCYfzlmMRzN1VAvGCMFqW5tommG5S/WV+LYHIOD8eKI=
github.com/hugomods/base v0.3.0/go.mod h1:hnWCPbVxuhXBwdFax3mmbMlWKmIo/7OP36MCLOyHtT4=
github.com/hugomods/bootstrap v0.13.0 h1:0xtsCsx1Kek4iYpQHX1LLxHPYt/f7qABEGv1qPaWBSI=
github.com/hugomods/bootstrap v0.13.0/go.mod h1:7IkovSZw/9Grx2bgcTMielY5vvLjPBzy5x/bPIA1BlY=
github.com/hugomods/code-block-panel v0.2.0 h1:vSZfriVuK34Z9k7710g1tr7tZPv26VYPXio5bYmaz24=
github.com/hugomods/code-block-panel v0.2.0/go.mod h1:sbl/NT0TZqHagnW8NWB690lDBGyY5r2dx6xpR17QSq4=
github.com/hugomods/decap-cms v0.1.0 h1:FGswav9aXekLQs4FFLHkJ2bgulxUUXQZmbCryUigDcU=
github.com/hugomods/decap-cms v0.1.0/go.mod h1:P9gUtk59PZYBCNVIqiovRPqI13WiKkutMtJl2YQLkMA=
github.com/hugomods/encrypt v0.2.0 h1:mlwrKPahAcotlYSSso5GZQgLoMeHNPwIAdxD0m/459E=
github.com/hugomods/encrypt v0.2.0/go.mod h1:5oezB6nFUpiCPmLRBP9mvqCUqa+4NNEyCVifTDCTv4U=
github.com/hugomods/giscus v0.1.1 h1:Kb8137Cp2nQJPFb6e+CdXy8nyIAJ2dFIymG4bDdaXWI=
github.com/hugomods/giscus v0.1.1/go.mod h1:tCRkqNi/sMsLh3kjDesXZNzf4R/w+b5oc5boS/l8Jtw=
github.com/hugomods/google-adsense v0.1.0 h1:eykHVCF+JjJRpEQ/b+EkH9aQLQxIdGI8m06qsq1iybA=
github.com/hugomods/google-adsense v0.1.0/go.mod h1:zXQIuUr9pIqlNdCzOLY04Rx7oeUm5R+OhUmscNPiI0w=
github.com/hugomods/google-analytics v0.2.0 h1:ziRPsDMYKAmvfl6ofthJdmXq0w10yxNKI/dF0vbcX0k=
github.com/hugomods/google-analytics v0.2.0/go.mod h1:Q89C3HmPHn2m2VT1INfnLwkpDyyYRLRIPitLA/aFIy8=
github.com/hugomods/gravatar v0.2.0 h1:642HNhGN7Mw7qefNcUFJKzLoT2zJKt4IQkrS53mIUfA=
github.com/hugomods/gravatar v0.2.0/go.mod h1:oATWuh5u2XUK/ZKzOD0VEP5I/TZfVZwplTyhT61Q4Fc=
github.com/hugomods/hugopress v0.2.1 h1:coYEPHUNLuTxKrVWVIPgs0lbZ6yrqxdWjgSriNFuBVo=
github.com/hugomods/hugopress v0.2.1/go.mod h1:CRYvr60xOkZOf4Atkuj+uEj2EH5pjJ39Ws3aJAkoMkA=
github.com/hugomods/icons v0.6.0 h1:G6RU93okhPPRDh/jqcew9gwkcYpSpg0rCBv4S6yUAFw=
github.com/hugomods/icons v0.6.0/go.mod h1:cIkSvK6W0q6N4U6n9KGz+QfRWQXAW0INd+1P31gPNGg=
github.com/hugomods/icons/vendors/feather v0.2.1 h1:K4/QWcjBJM6X4CDVL3HkUQyecKV8liLMUUEZplnwEiw=
github.com/hugomods/icons/vendors/feather v0.2.1/go.mod h1:rJI9XA0BjqQPTQuJP0ciO0Dagl23W+t9sSbKO6NBXng=
github.com/hugomods/icons/vendors/font-awesome v0.6.1 h1:MyYF67fPthN4EDkT/IwY0ydowxzE6J/oKFTltOCY2vY=
github.com/hugomods/icons/vendors/font-awesome v0.6.1/go.mod h1:kmMci4qX8yTQPT28sskzKRudJiQAAiZZugjNbkakRhk=
github.com/hugomods/icons/vendors/lucide v0.3.19 h1:tfyF1FbODr8xyLeVecC10BIAv++RpHHE9c/f5AF6nMs=
github.com/hugomods/icons/vendors/lucide v0.3.19/go.mod h1:XmpVdesyohAnyhPPcuA7T3BN/6dvCNkOeJNj0LVQmac=
github.com/hugomods/icons/vendors/mdi v0.3.1 h1:FVmW8I0YbYWuZ7wRfXemFfsgUllF60atwAww98vBshI=
github.com/hugomods/icons/vendors/mdi v0.3.1/go.mod h1:zGZ9hTyZbsF3WXwqrLGl0nsoZX9jj2XthdGS1NDSfvs=
github.com/hugomods/icons/vendors/simple-icons v1.0.18 h1:glig4G/c4QTi0qyND0YkQTf0wlS5MySxQJs1EZqnAD8=
github.com/hugomods/icons/vendors/simple-icons v1.0.18/go.mod h1:8pAAI7UX84AUnxTRCVJ8u9oZUgeRHteLnkZwbf+ogKc=
github.com/hugomods/icons/vendors/tabler v0.15.16 h1:QbCu/8sZSRKxOWwekPbHNPjKGpKZiWQ+9CfZ2CRk7tM=
github.com/hugomods/icons/vendors/tabler v0.15.16/go.mod h1:Uu7lP70mtPpFktOta9YkaTS31882rcO+eTX/p3dxxgw=
github.com/hugomods/idb-js v0.1.0 h1:mA6hEGtR0aFEdmq9zYMGpfSpCU6SMilx9RzC4uK3DqY=
github.com/hugomods/idb-js v0.1.0/go.mod h1:GPfnmr+BQpP4s6Epd4Yu+RlUog8q/Djw8qy8BZFWZ04=
github.com/hugomods/images v0.8.0 h1:rsI+Akwbz+Vd3mI0leAlCD8R696usHw13nH972mTe4E=
github.com/hugomods/images v0.8.0/go.mod h1:U6Gwj16LKvk66rOMyGFrnF6f0aV8lT89lqOsckOAjYY=
github.com/hugomods/katex v0.3.0 h1:hq0Kels9clL38Y2K/QZgXFKF7hQuumyQYz16TT4/Hhk=
github.com/hugomods/katex v0.3.0/go.mod h1:EBY1YQTN6F8FDQz+mWp3EzEh8vDN31YjL9luVni+Wm0=
github.com/hugomods/mermaid v0.1.1 h1:12b8DbdiKOTtPmkWOMXsBz3LKkAWVqa5tGkbEboj0a4=
github.com/hugomods/mermaid v0.1.1/go.mod h1:7sKIZLAeYsXXnKRh4KR70UQx27xnzf0mSQ2o99zTLS0=
github.com/hugomods/pwa v0.3.2 h1:4+Csk+wJcv+nzrz8kyrpYmtaAw3MFpAAs3WR5b2OwuI=
github.com/hugomods/pwa v0.3.2/go.mod h1:22AYzuQ64DKY2WJAytKqRKC2BIFc6j39Jo8tTQE+6Xc=
github.com/hugomods/search v0.4.5 h1:RC7OTkEAQjh49/SCh5Gw0+RFzeTDE+6J5XqMixVY6mw=
github.com/hugomods/search v0.4.5/go.mod h1:xdMNL0R06eMDyl8LVoFNp19lnFSNMFT+oje8j8N/WbI=
github.com/hugomods/shortcodes v0.12.1 h1:bhPTgbDIUEG8Hqi0eMESdrCN9Ot4SE3zV0TXSUlo+Fo=
github.com/hugomods/shortcodes v0.12.1/go.mod h1:EnVopbZMNI/HeteM3Lp3phBTCRLvPSe7l142qhRFFPY=
github.com/krisk/Fuse v6.6.2+incompatible h1:laigOpZFs/xUi9zGjVu5t19bcvzRVufoXCnPSgQZmYI=
github.com/krisk/Fuse v6.6.2+incompatible/go.mod h1:3moWv8rDjwoKic9nwiPLgZjldkbdTAbtzJHCu/Vsj4A=
github.com/razonyang/hb-mod-thanks v0.4.2 h1:IHjKFCir5nWakgXVc3+witHH9gkUoUB+B5v4Tyszi5E=
github.com/razonyang/hb-mod-thanks v0.4.2/go.mod h1:QNNUPfVp6v3fyvFjkk1DDDl0qhajEuzXAPgnuwMLg1w=
github.com/twbs/bootstrap v5.3.2+incompatible/go.mod h1:fZTSrkpSf0/HkL0IIJzvVspTt1r9zuf7XlZau8kpcY0=
github.com/twbs/icons v1.11.1 h1:lMKkMwupTDfBJWXx6RFLwfYuCmqG/uUAu2LaOf7bZjU=
github.com/twbs/icons v1.11.1/go.mod h1:GnRlymgVWp5iVJCMa0Me5b6tFyGpVc2bSxPMRGIJmyA=
