github.com/GoogleChrome/workbox v7.0.0+incompatible h1:/bqYzSkS1O9leTJ8kT0v9d61ANMJKt+GemdhmcaSB9c=
github.com/GoogleChrome/workbox v7.0.0+incompatible/go.mod h1:dyEoGLpJeO43pUVJb+nNNr1WRgoF81hNEl4UGLV+yow=
github.com/gohugoio/hugo-mod-bootstrap-scss/v5 v5.20300.20003 h1:pt/JGVD5YYRsVVijOHPZI6YKTUvbR4e0hgV9B0S6rbI=
github.com/gohugoio/hugo-mod-bootstrap-scss/v5 v5.20300.20003/go.mod h1:mvM05r93HiefwoaxQTaYiJxtJAhTebwQtU1Xh/J+Okk=
github.com/gohugoio/hugo-mod-jslibs-dist/popperjs/v2 v2.21100.20000/go.mod h1:mFberT6ZtcchrsDtfvJM7aAH2bDKLdOnruUHl0hlapI=
github.com/hbstack/announcement-bar v0.1.0 h1:e0vUCDCiQW3n/FkpuyhYDDgQmYbWzZXU1s7DS47CVJ0=
github.com/hbstack/announcement-bar v0.1.0/go.mod h1:oEwrGYRoALt1o3LeYKGbkrmKSrS0XrgrHMNdQRWtAYs=
github.com/hbstack/base v0.2.0 h1:BtLH7i8uxUM5TMr1kaaVeJ/Yu/5FeZJ1MquxPFXgpNU=
github.com/hbstack/base v0.2.0/go.mod h1:f0mafnZoiQ3YYvRb82o605NEQVbQ3wzRYzhW4PZjrJ4=
github.com/hbstack/blog v0.15.0 h1:HgCFTtEhHAC/jd4VgmRfo0ErQ2Y7ANTmNLcCHcpJTdQ=
github.com/hbstack/blog/modules/content-panel v0.1.4 h1:nzMipgeU/XWh05whgCQSUUGx0E35mMcnsJVIs0YMz1k=
github.com/hbstack/blog/modules/content-panel v0.1.4/go.mod h1:GtA5qt5rAU/LaO61tzPvcDVnVKKggmsalUAE9dOzYL0=
github.com/hbstack/blog/modules/giscus v0.1.6 h1:zlMcxW4C0jTbAFzbTpMH7iAwsHrX6EdUiX2cSJyISZU=
github.com/hbstack/blog/modules/giscus v0.1.6/go.mod h1:RKMEPc4KYQBBZAE3zTBcZShVljB4gOUN7K0/cbj8kAI=
github.com/hbstack/blog/modules/sidebar/posts v0.1.1 h1:c9kvH7E0wNcJaWCB/eGoMFO4c9SPMxMnKcoEHWnIkec=
github.com/hbstack/blog/modules/sidebar/posts v0.1.1/go.mod h1:yqDHoe00bAKvNFG2yaeIiP4VaDNmc1j+mpy8xOitCRg=
github.com/hbstack/blog/modules/sidebar/taxonomies v0.1.1 h1:CuvEESY51eYZGsXac/UcOat4Fp2eCJ2uL6YEivjzdGA=
github.com/hbstack/blog/modules/sidebar/taxonomies v0.1.1/go.mod h1:OkY2kLKnwH92vZrsx0yCQrlJUrV9SHOI8lB8GtWgMKo=
github.com/hbstack/blog/modules/toc-scrollspy v0.1.3 h1:RZZ5C/UXslhdDqUhMUm6pk/6fHgKS4azEDNJkWmmb18=
github.com/hbstack/blog/modules/toc-scrollspy v0.1.3/go.mod h1:mTRAavWxeMMeV/Z46opmJVvqxp6oTcsS/E0jwV6JMrA=
github.com/hbstack/breadcrumb v0.2.0 h1:MFdVkfSMHkGaLGwp8lwcYYQuorpWzB6S/WOmblSlW9o=
github.com/hbstack/breadcrumb v0.2.0/go.mod h1:/HsyKPMkXaairW/Ws6tGlc1Zf1DEmjp/v7d2QkY/UC4=
github.com/hbstack/carousel v0.2.2 h1:2WQINzBXMdTsvCA6GbMiRIyAOwZ00CCNybRjBgf43sc=
github.com/hbstack/carousel v0.2.2/go.mod h1:7ksA42jkP82YsGJqKOU9izqiZBLpIBDBuMY6+IAuTZI=
github.com/hbstack/docs v0.6.0 h1:8DS75fO2MzHLTHYI7J6IrFj7LruIJfHRI/2qdUt7tKc=
github.com/hbstack/docs/modules/content-panel v0.1.2 h1:VqGx8TZfSxAabuAyWuxBjWHrBPP+83+xq2tn/4Yzx8I=
github.com/hbstack/docs/modules/content-panel v0.1.2/go.mod h1:ytvtc/Ml6Jnp9GI9lUvd3F/FFgyt3msd75veAXea2Ro=
github.com/hbstack/docs/modules/giscus v0.1.4 h1:gyCyb4ispdUnoF6EJbNghD82/jf9BCS7aR8b6oZPTZY=
github.com/hbstack/docs/modules/giscus v0.1.4/go.mod h1:7gkUNgTeMUqpUTPAGwhD7lSBScMZBO1lKscP92XuUfw=
github.com/hbstack/docs/modules/toc-scrollspy v0.1.1 h1:sF6MLsVh+XFm5UgIGHR9rIhRa9C+WAhfA0n/czjQzKE=
github.com/hbstack/docs/modules/toc-scrollspy v0.1.1/go.mod h1:Nd1iRY6jIt2CysHTaztEpwqycKf1n/r67nl9YKTE/NE=
github.com/hbstack/featured-image v0.1.1 h1:suNZO1qFjyAk1XXE5vzwTj2TePWqYTCKsI3Gp2S4wNw=
github.com/hbstack/featured-image v0.1.1/go.mod h1:JniIDVMJnbvsR5cVVhsCpTMlvquZwo//pgbL5iyYWTA=
github.com/hbstack/heading-sign v0.1.3 h1:bkyBAwTETrbLqPBM89EuSscgLt2MOrmEPSeooeR0Jfc=
github.com/hbstack/heading-sign v0.1.3/go.mod h1:uR6DdjYDoLDFanc8kSglEe/08GyNyQBmyNEJ6Z1KRAg=
github.com/hbstack/meta/blog v0.2.3 h1:E5wF1o1sKuaAYCp09WXRdpcyyvcYr1F31VLSMgY8sOc=
github.com/hbstack/meta/blog v0.2.3/go.mod h1:zaYYLTM3hSXeT/M88W89i1HBDkJLTH3cAFALA1DAV80=
github.com/hbstack/meta/blog v0.2.4/go.mod h1:dY6vgjYmkjcMOfbQxlPmTE0Kilf/9/EB33NejfZ7r9U=
github.com/hbstack/meta/content v0.4.3 h1:jFgHm24KnY6s8S2q8FNhW0Qt1F2JsXWQFsLhj9KBExU=
github.com/hbstack/meta/content v0.4.3/go.mod h1:tVPxlwydmqhT6dIhjvLB0E1/8ES2F62OWO1O6F4SAis=
github.com/hbstack/meta/content v0.4.4/go.mod h1:3bpUZ62pwPNjklm3Z0BKOyATbB5tEy1ZVVMQJG96MO4=
github.com/hbstack/meta/footer v0.2.2 h1:5WepfmsLcXVsEouCGQh5dO4m//pfulMlItKonJ2qJSI=
github.com/hbstack/meta/footer v0.2.2/go.mod h1:QdvTIKj+8dZw9p/gaPis2GyQsubggmRWEEzN4HWB2zY=
github.com/hbstack/meta/footer v0.2.3/go.mod h1:ZQCwngu7ox/0g1xQUMa26faQYkwUqVzsmZDDkTEICvc=
github.com/hbstack/meta/header v0.2.2 h1:htiicmWgDInZc3PeDfhfqcgjCu1se7omv9MYOTtpWig=
github.com/hbstack/meta/header v0.2.2/go.mod h1:kYYHd5izwemd1K4v6gFABkdJWiHtX24ZT6BJnPV3Woo=
github.com/hbstack/meta/header v0.2.3/go.mod h1:0c6VrR2+NPNur8juSV65iwLkaJ9q3scfDexIDjIvFOQ=
github.com/hbstack/meta/recommended v0.2.2 h1:G6d3kx28N9b6Ky+PiJwbq8kPEJgRbR7JXcJ9OAPvIIQ=
github.com/hbstack/meta/recommended v0.2.2/go.mod h1:DSsJZY9UR+LrtsdG8pWZ6GZ4dFrh9uNfaUTBdsQYDJA=
github.com/hbstack/meta/seo v0.2.0 h1:0xemjrVWwLmYjzKCAmo/6vxWEHACXimjT7vlFYXgmCM=
github.com/hbstack/meta/seo v0.2.0/go.mod h1:41BjjCbTMPJCmrepy5wXjwkV2QQxLyM8Q2kUrJpH/sM=
github.com/hbstack/pagination v0.2.0 h1:1TKy5bLrwkIxHJPLjK+k6Ws9ZO6Lg2ppP+Z1iVvDoAw=
github.com/hbstack/pagination v0.2.0/go.mod h1:IwCFgkfkXMVjudqJ8nHcwQLlXmwx0MRtNFOCd+0I3Vw=
github.com/hbstack/snackbar v0.1.2 h1:/9R2CdWnLcOBobxzdpe30cgM1gcKJAXtbVbZtp2pgmY=
github.com/hbstack/snackbar v0.1.2/go.mod h1:4uZSGpI9ZtR9by0bA8yJW2y61sRks2W4a8VvyMluXuo=
github.com/hbstack/socials v0.2.0 h1:qBx25+liXAo0eYzBIteT77LCYacwAuQSvBQ4eFc9Mic=
github.com/hbstack/socials v0.2.0/go.mod h1:USfubzam3XxG/jh/zLv2htW3DGf15NLibPx0AhBhXa0=
github.com/hbstack/syntax-highlighting v0.1.0 h1:WxdhNgCktllNKQDqu1BmLmg9dsi77/dXIlcdQ8KZZI0=
github.com/hbstack/syntax-highlighting v0.1.0/go.mod h1:6IoaM+tSIkKZblIrT1i5L3zVH68nt4UScU9JB30FQsc=
github.com/hbstack/syntax-highlighting/styles/gruvbox v0.1.0 h1:lGH8nqOU/+3yzHIk5s1nTrzHDImEnvLkr/0viuPfx3Y=
github.com/hbstack/syntax-highlighting/styles/gruvbox v0.1.0/go.mod h1:ar5ZFplNyVZCVG6rvo69co1hNZwptxtrDz3zproGLPg=
github.com/henrygd/bigger-picture v1.1.8 h1:C349KN8/efgIyTxGvrrx746xEWp03WWzuRRyRN2hQuY=
github.com/henrygd/bigger-picture v1.1.8/go.mod h1:LayqbjDNNsZH+ZXklmjBe5T02qxpH9Cah/ygAraOBIk=
github.com/hugomods/base v0.1.0 h1:3o9Y85BvXHjkYzZfswM/EtthQ8GOYKN8aXHkIWqu3/8=
github.com/hugomods/base v0.1.0/go.mod h1:hnWCPbVxuhXBwdFax3mmbMlWKmIo/7OP36MCLOyHtT4=
github.com/hugomods/bootstrap v0.7.2 h1:hb8G5aDp/1tITmpr1N0eI3yO5QgHtcXq/ymWhRylLm4=
github.com/hugomods/bootstrap v0.7.2/go.mod h1:NVii94xgqDocyD0+aAWamBLPJjNspfMynEdmIOXO3Vs=
github.com/hugomods/code-block-panel v0.2.0 h1:vSZfriVuK34Z9k7710g1tr7tZPv26VYPXio5bYmaz24=
github.com/hugomods/code-block-panel v0.2.0/go.mod h1:sbl/NT0TZqHagnW8NWB690lDBGyY5r2dx6xpR17QSq4=
github.com/hugomods/decap-cms v0.1.0 h1:FGswav9aXekLQs4FFLHkJ2bgulxUUXQZmbCryUigDcU=
github.com/hugomods/decap-cms v0.1.0/go.mod h1:P9gUtk59PZYBCNVIqiovRPqI13WiKkutMtJl2YQLkMA=
github.com/hugomods/encrypt v0.2.0 h1:mlwrKPahAcotlYSSso5GZQgLoMeHNPwIAdxD0m/459E=
github.com/hugomods/encrypt v0.2.0/go.mod h1:5oezB6nFUpiCPmLRBP9mvqCUqa+4NNEyCVifTDCTv4U=
github.com/hugomods/giscus v0.1.0 h1:tIu1TzYByC/XlxxiBl9+CkQp9OeR4UhoZjbQSlcDt5E=
github.com/hugomods/giscus v0.1.0/go.mod h1:tCRkqNi/sMsLh3kjDesXZNzf4R/w+b5oc5boS/l8Jtw=
github.com/hugomods/google-adsense v0.1.0 h1:eykHVCF+JjJRpEQ/b+EkH9aQLQxIdGI8m06qsq1iybA=
github.com/hugomods/google-adsense v0.1.0/go.mod h1:zXQIuUr9pIqlNdCzOLY04Rx7oeUm5R+OhUmscNPiI0w=
github.com/hugomods/google-analytics v0.2.0 h1:ziRPsDMYKAmvfl6ofthJdmXq0w10yxNKI/dF0vbcX0k=
github.com/hugomods/google-analytics v0.2.0/go.mod h1:Q89C3HmPHn2m2VT1INfnLwkpDyyYRLRIPitLA/aFIy8=
github.com/hugomods/gravatar v0.2.0 h1:642HNhGN7Mw7qefNcUFJKzLoT2zJKt4IQkrS53mIUfA=
github.com/hugomods/gravatar v0.2.0/go.mod h1:oATWuh5u2XUK/ZKzOD0VEP5I/TZfVZwplTyhT61Q4Fc=
github.com/hugomods/hugopress v0.2.0 h1:Y9emu6wDnPsr7Rk0VyxWi5KEWreaFxUxPFAeG6euFpk=
github.com/hugomods/hugopress v0.2.0/go.mod h1:CRYvr60xOkZOf4Atkuj+uEj2EH5pjJ39Ws3aJAkoMkA=
github.com/hugomods/icons v0.6.0 h1:G6RU93okhPPRDh/jqcew9gwkcYpSpg0rCBv4S6yUAFw=
github.com/hugomods/icons v0.6.0/go.mod h1:cIkSvK6W0q6N4U6n9KGz+QfRWQXAW0INd+1P31gPNGg=
github.com/hugomods/icons/vendors/feather v0.2.0 h1:dBRzxvprIP3jReF6IDf+bp4OiRX4AnQRs2Vty/qsVRY=
github.com/hugomods/icons/vendors/feather v0.2.0/go.mod h1:XKGSihn06SXcbkpS4/RDQh94NvTmtg+Xc4bfP2oY7jY=
github.com/hugomods/icons/vendors/font-awesome v0.6.0 h1:B5OwUkpVupNdtxyRlU+572HfCpvKhmIMX+8L49eTr3w=
github.com/hugomods/icons/vendors/font-awesome v0.6.0/go.mod h1:6e81kH7XzgVySHRQtc+cA4bSabpCuZHorQL8LPv7raE=
github.com/hugomods/icons/vendors/lucide v0.3.9 h1:nX9cOgLj+kAChOIzHRDC1g6ke7VP+ySb7WU+TE+J5WQ=
github.com/hugomods/icons/vendors/lucide v0.3.9/go.mod h1:jQef7lK4PF0EhNCNNzEtcpppjVDlW+A4GTggrYNlS3I=
github.com/hugomods/icons/vendors/mdi v0.3.0 h1:Lb47OUzjlLjD5Ik41VRFZXs8pSNjo8j9WhhJvFEtR1E=
github.com/hugomods/icons/vendors/mdi v0.3.0/go.mod h1:wbBjb2paemrSK8pZZm1K8Nv3AfiUWXVedkuzVFbBa+4=
github.com/hugomods/icons/vendors/simple-icons v1.0.4 h1:Y/fDz+HGk0dXk9kRcNoZykWSNuM7or07KdDI2OFDCxg=
github.com/hugomods/icons/vendors/simple-icons v1.0.4/go.mod h1:x+XHib1FAzV3VhJsbFLTp5QWIIwix2zIbFk9pbdtQic=
github.com/hugomods/icons/vendors/tabler v0.15.1 h1:IcJm+55t1FCFSz+Da3neKxMK3vZZJRWf1MFZWWZ+xCw=
github.com/hugomods/icons/vendors/tabler v0.15.1/go.mod h1:Y+CaO20KiC34kLtzzJw4lQPhFPe8HHWdGkmaNMDkRGM=
github.com/hugomods/idb-js v0.1.0 h1:mA6hEGtR0aFEdmq9zYMGpfSpCU6SMilx9RzC4uK3DqY=
github.com/hugomods/idb-js v0.1.0/go.mod h1:GPfnmr+BQpP4s6Epd4Yu+RlUog8q/Djw8qy8BZFWZ04=
github.com/hugomods/images v0.7.0 h1:NEGgCSrh1YuHGmTAL9wDAKLdXL4WU6Nw4BfkampJxyM=
github.com/hugomods/images v0.7.0/go.mod h1:U6Gwj16LKvk66rOMyGFrnF6f0aV8lT89lqOsckOAjYY=
github.com/hugomods/katex v0.2.0 h1:h5hG0vnyL6dMzNiLeNMXb+VPwseZXoTORjzV6e6YgJw=
github.com/hugomods/katex v0.2.0/go.mod h1:8wO7jRjPT+M6UeipsJ0Hpah4LjWU9P6V5CO0eEKvL8U=
github.com/hugomods/mermaid v0.1.1 h1:12b8DbdiKOTtPmkWOMXsBz3LKkAWVqa5tGkbEboj0a4=
github.com/hugomods/mermaid v0.1.1/go.mod h1:7sKIZLAeYsXXnKRh4KR70UQx27xnzf0mSQ2o99zTLS0=
github.com/hugomods/pwa v0.3.0 h1:1NByCobQap2qbpO+J69r9bggYMjGZ9UHznzbeBnwFJE=
github.com/hugomods/pwa v0.3.0/go.mod h1:22AYzuQ64DKY2WJAytKqRKC2BIFc6j39Jo8tTQE+6Xc=
github.com/hugomods/search v0.4.4 h1:g94Qc2zffh8ZRfSJUd7rAmgj7QWOAQgT/pPNN/skITs=
github.com/hugomods/search v0.4.4/go.mod h1:xdMNL0R06eMDyl8LVoFNp19lnFSNMFT+oje8j8N/WbI=
github.com/hugomods/shortcodes v0.10.0 h1:NKu2m1xciBsqzu7PU0SDu1C12OHdX+pMjfUI975kCXM=
github.com/hugomods/shortcodes v0.10.0/go.mod h1:EnVopbZMNI/HeteM3Lp3phBTCRLvPSe7l142qhRFFPY=
github.com/krisk/Fuse v6.6.2+incompatible h1:laigOpZFs/xUi9zGjVu5t19bcvzRVufoXCnPSgQZmYI=
github.com/krisk/Fuse v6.6.2+incompatible/go.mod h1:3moWv8rDjwoKic9nwiPLgZjldkbdTAbtzJHCu/Vsj4A=
github.com/razonyang/hb-mod-thanks v0.3.0 h1:dV9ZsvXyhA+m1NHHY+Osycv3UqME2O5k997DndNOqF8=
github.com/razonyang/hb-mod-thanks v0.3.0/go.mod h1:DDIftBCERJx2T1v9VzgRyqLLPFrgw0Z22sPgaYLyOBY=
github.com/twbs/bootstrap v5.3.0+incompatible/go.mod h1:fZTSrkpSf0/HkL0IIJzvVspTt1r9zuf7XlZau8kpcY0=
github.com/twbs/icons v1.10.5 h1:F9uvW7cGfDBAautw5aeCmnB3hw4vv3aEQGbHnzcQKaE=
github.com/twbs/icons v1.10.5/go.mod h1:GnRlymgVWp5iVJCMa0Me5b6tFyGpVc2bSxPMRGIJmyA=
